
Microsoft Visual Studio Solution File, Format Version 12.00
# Visual Studio 15
VisualStudioVersion = 15.0.28010.2019
MinimumVisualStudioVersion = 10.0.40219.1
Project("{9A19103F-16F7-4668-BE54-9A1E7A4F7556}") = "CityBuilding", "CityBuilding\CityBuilding.csproj", "{D51D08F5-D7A7-4C14-9B4A-C2AF06A8C5EB}"
EndProject
Project("{9A19103F-16F7-4668-BE54-9A1E7A4F7556}") = "GameEngine", "EntityComponentSystem\GameEngine.csproj", "{73B851AC-22F2-4DEA-A742-AD03636031BC}"
EndProject
Project("{9A19103F-16F7-4668-BE54-9A1E7A4F7556}") = "MessagingSystem", "MessagingSystem\MessagingSystem.csproj", "{653C91E7-8447-4B9E-90EF-DC795005A09C}"
EndProject
Project("{9A19103F-16F7-4668-BE54-9A1E7A4F7556}") = "MessagingSystem.Akka", "MessagingSystem.Aka\MessagingSystem.Akka.csproj", "{30E225EE-5069-4E7B-B460-435F9C1E6CD7}"
EndProject
Project("{FAE04EC0-301F-11D3-BF4B-00C04F79EFBC}") = "MessagingSystem.Akka.Test", "MessagingSystem.Akka.Test\MessagingSystem.Akka.Test.csproj", "{CF64AE23-17DA-4B14-B95F-DA4EE07FE441}"
EndProject
Global
	GlobalSection(SolutionConfigurationPlatforms) = preSolution
		Debug|Any CPU = Debug|Any CPU
		Release|Any CPU = Release|Any CPU
	EndGlobalSection
	GlobalSection(ProjectConfigurationPlatforms) = postSolution
		{D51D08F5-D7A7-4C14-9B4A-C2AF06A8C5EB}.Debug|Any CPU.ActiveCfg = Debug|Any CPU
		{D51D08F5-D7A7-4C14-9B4A-C2AF06A8C5EB}.Debug|Any CPU.Build.0 = Debug|Any CPU
		{D51D08F5-D7A7-4C14-9B4A-C2AF06A8C5EB}.Release|Any CPU.ActiveCfg = Release|Any CPU
		{D51D08F5-D7A7-4C14-9B4A-C2AF06A8C5EB}.Release|Any CPU.Build.0 = Release|Any CPU
		{73B851AC-22F2-4DEA-A742-AD03636031BC}.Debug|Any CPU.ActiveCfg = Debug|Any CPU
		{73B851AC-22F2-4DEA-A742-AD03636031BC}.Debug|Any CPU.Build.0 = Debug|Any CPU
		{73B851AC-22F2-4DEA-A742-AD03636031BC}.Release|Any CPU.ActiveCfg = Release|Any CPU
		{73B851AC-22F2-4DEA-A742-AD03636031BC}.Release|Any CPU.Build.0 = Release|Any CPU
		{653C91E7-8447-4B9E-90EF-DC795005A09C}.Debug|Any CPU.ActiveCfg = Debug|Any CPU
		{653C91E7-8447-4B9E-90EF-DC795005A09C}.Debug|Any CPU.Build.0 = Debug|Any CPU
		{653C91E7-8447-4B9E-90EF-DC795005A09C}.Release|Any CPU.ActiveCfg = Release|Any CPU
		{653C91E7-8447-4B9E-90EF-DC795005A09C}.Release|Any CPU.Build.0 = Release|Any CPU
		{30E225EE-5069-4E7B-B460-435F9C1E6CD7}.Debug|Any CPU.ActiveCfg = Debug|Any CPU
		{30E225EE-5069-4E7B-B460-435F9C1E6CD7}.Debug|Any CPU.Build.0 = Debug|Any CPU
		{30E225EE-5069-4E7B-B460-435F9C1E6CD7}.Release|Any CPU.ActiveCfg = Release|Any CPU
		{30E225EE-5069-4E7B-B460-435F9C1E6CD7}.Release|Any CPU.Build.0 = Release|Any CPU
		{CF64AE23-17DA-4B14-B95F-DA4EE07FE441}.Debug|Any CPU.ActiveCfg = Debug|Any CPU
		{CF64AE23-17DA-4B14-B95F-DA4EE07FE441}.Debug|Any CPU.Build.0 = Debug|Any CPU
		{CF64AE23-17DA-4B14-B95F-DA4EE07FE441}.Release|Any CPU.ActiveCfg = Release|Any CPU
		{CF64AE23-17DA-4B14-B95F-DA4EE07FE441}.Release|Any CPU.Build.0 = Release|Any CPU
	EndGlobalSection
	GlobalSection(SolutionProperties) = preSolution
		HideSolutionNode = FALSE
	EndGlobalSection
	GlobalSection(ExtensibilityGlobals) = postSolution
		SolutionGuid = {1321030B-E5E4-4F96-8FD7-6CF0AD792790}
	EndGlobalSection
EndGlobal
